
Microsoft Visual Studio Solution File, Format Version 12.00
# Visual Studio Version 16
VisualStudioVersion = 16.0.32228.343
MinimumVisualStudioVersion = 10.0.40219.1
Project("{FAE04EC0-301F-11D3-BF4B-00C04F79EFBC}") = "FireBaseTesting", "FireBaseTesting\FireBaseTesting.csproj", "{E2D6AFDF-DCCB-4FCA-9E5C-E763DD5EB6AA}"
EndProject
Global
	GlobalSection(SolutionConfigurationPlatforms) = preSolution
		Debug|Any CPU = Debug|Any CPU
		Release|Any CPU = Release|Any CPU
	EndGlobalSection
	GlobalSection(ProjectConfigurationPlatforms) = postSolution
		{E2D6AFDF-DCCB-4FCA-9E5C-E763DD5EB6AA}.Debug|Any CPU.ActiveCfg = Debug|Any CPU
		{E2D6AFDF-DCCB-4FCA-9E5C-E763DD5EB6AA}.Debug|Any CPU.Build.0 = Debug|Any CPU
		{E2D6AFDF-DCCB-4FCA-9E5C-E763DD5EB6AA}.Release|Any CPU.ActiveCfg = Release|Any CPU
		{E2D6AFDF-DCCB-4FCA-9E5C-E763DD5EB6AA}.Release|Any CPU.Build.0 = Release|Any CPU
	EndGlobalSection
	GlobalSection(SolutionProperties) = preSolution
		HideSolutionNode = FALSE
	EndGlobalSection
	GlobalSection(ExtensibilityGlobals) = postSolution
		SolutionGuid = {2C2D68E6-B980-48CF-A03B-6C513C3F981A}
	EndGlobalSection
EndGlobal
